// !$*UTF8*$!
{
	archiveVersion = 1;
	classes = {
	};
	objectVersion = 56;
	objects = {

/* Begin PBXBuildFile section */
		AC6B15C22AF92CE1008EE492 /* AppDelegate.swift in Sources */ = {isa = PBXBuildFile; fileRef = AC6B15C12AF92CE1008EE492 /* AppDelegate.swift */; };
		AC6B15C42AF92CE1008EE492 /* SceneDelegate.swift in Sources */ = {isa = PBXBuildFile; fileRef = AC6B15C32AF92CE1008EE492 /* SceneDelegate.swift */; };
		AC6B15C62AF92CE1008EE492 /* TaskManagerViewController.swift in Sources */ = {isa = PBXBuildFile; fileRef = AC6B15C52AF92CE1008EE492 /* TaskManagerViewController.swift */; };
		AC6B15CB2AF92CE3008EE492 /* Assets.xcassets in Resources */ = {isa = PBXBuildFile; fileRef = AC6B15CA2AF92CE3008EE492 /* Assets.xcassets */; };
		AC6B15CE2AF92CE3008EE492 /* LaunchScreen.storyboard in Resources */ = {isa = PBXBuildFile; fileRef = AC6B15CC2AF92CE3008EE492 /* LaunchScreen.storyboard */; };
		ACEDF6572B091B99007EC631 /* SettingsViewController.swift in Sources */ = {isa = PBXBuildFile; fileRef = ACEDF6562B091B99007EC631 /* SettingsViewController.swift */; };
		ACEDF6592B091BE1007EC631 /* TabBarController.swift in Sources */ = {isa = PBXBuildFile; fileRef = ACEDF6582B091BE1007EC631 /* TabBarController.swift */; };
		ACEDF65B2B091F2D007EC631 /* TimerViewController.swift in Sources */ = {isa = PBXBuildFile; fileRef = ACEDF65A2B091F2D007EC631 /* TimerViewController.swift */; };
/* End PBXBuildFile section */

/* Begin PBXFileReference section */
		AC6B15BE2AF92CE1008EE492 /* pomodoro-app.app */ = {isa = PBXFileReference; explicitFileType = wrapper.application; includeInIndex = 0; path = "pomodoro-app.app"; sourceTree = BUILT_PRODUCTS_DIR; };
		AC6B15C12AF92CE1008EE492 /* AppDelegate.swift */ = {isa = PBXFileReference; lastKnownFileType = sourcecode.swift; path = AppDelegate.swift; sourceTree = "<group>"; };
		AC6B15C32AF92CE1008EE492 /* SceneDelegate.swift */ = {isa = PBXFileReference; lastKnownFileType = sourcecode.swift; path = SceneDelegate.swift; sourceTree = "<group>"; };
		AC6B15C52AF92CE1008EE492 /* TaskManagerViewController.swift */ = {isa = PBXFileReference; lastKnownFileType = sourcecode.swift; path = TaskManagerViewController.swift; sourceTree = "<group>"; };
		AC6B15CA2AF92CE3008EE492 /* Assets.xcassets */ = {isa = PBXFileReference; lastKnownFileType = folder.assetcatalog; path = Assets.xcassets; sourceTree = "<group>"; };
		AC6B15CD2AF92CE3008EE492 /* Base */ = {isa = PBXFileReference; lastKnownFileType = file.storyboard; name = Base; path = Base.lproj/LaunchScreen.storyboard; sourceTree = "<group>"; };
		AC6B15CF2AF92CE3008EE492 /* Info.plist */ = {isa = PBXFileReference; lastKnownFileType = text.plist.xml; path = Info.plist; sourceTree = "<group>"; };
		ACEDF6562B091B99007EC631 /* SettingsViewController.swift */ = {isa = PBXFileReference; lastKnownFileType = sourcecode.swift; path = SettingsViewController.swift; sourceTree = "<group>"; };
		ACEDF6582B091BE1007EC631 /* TabBarController.swift */ = {isa = PBXFileReference; lastKnownFileType = sourcecode.swift; path = TabBarController.swift; sourceTree = "<group>"; };
		ACEDF65A2B091F2D007EC631 /* TimerViewController.swift */ = {isa = PBXFileReference; lastKnownFileType = sourcecode.swift; path = TimerViewController.swift; sourceTree = "<group>"; };
/* End PBXFileReference section */

/* Begin PBXFrameworksBuildPhase section */
		AC6B15BB2AF92CE1008EE492 /* Frameworks */ = {
			isa = PBXFrameworksBuildPhase;
			buildActionMask = 2147483647;
			files = (
			);
			runOnlyForDeploymentPostprocessing = 0;
		};
/* End PBXFrameworksBuildPhase section */

/* Begin PBXGroup section */
		AC6B15B52AF92CE1008EE492 = {
			isa = PBXGroup;
			children = (
				AC6B15C02AF92CE1008EE492 /* pomodoro-app */,
				AC6B15BF2AF92CE1008EE492 /* Products */,
			);
			sourceTree = "<group>";
		};
		AC6B15BF2AF92CE1008EE492 /* Products */ = {
			isa = PBXGroup;
			children = (
				AC6B15BE2AF92CE1008EE492 /* pomodoro-app.app */,
			);
			name = Products;
			sourceTree = "<group>";
		};
		AC6B15C02AF92CE1008EE492 /* pomodoro-app */ = {
			isa = PBXGroup;
			children = (
				AC6B15C12AF92CE1008EE492 /* AppDelegate.swift */,
				AC6B15C32AF92CE1008EE492 /* SceneDelegate.swift */,
				AC8D3B7B2B078B0C008410A8 /* Model */,
				AC8D3B7C2B078B16008410A8 /* View */,
				AC8D3B7D2B078B1D008410A8 /* Controller */,
				AC6B15CA2AF92CE3008EE492 /* Assets.xcassets */,
				AC6B15CC2AF92CE3008EE492 /* LaunchScreen.storyboard */,
				AC6B15CF2AF92CE3008EE492 /* Info.plist */,
			);
			path = "pomodoro-app";
			sourceTree = "<group>";
		};
		AC8D3B7B2B078B0C008410A8 /* Model */ = {
			isa = PBXGroup;
			children = (
			);
			path = Model;
			sourceTree = "<group>";
		};
		AC8D3B7C2B078B16008410A8 /* View */ = {
			isa = PBXGroup;
			children = (
				ACEDF65A2B091F2D007EC631 /* TimerViewController.swift */,
				AC6B15C52AF92CE1008EE492 /* TaskManagerViewController.swift */,
				ACEDF6562B091B99007EC631 /* SettingsViewController.swift */,
			);
			path = View;
			sourceTree = "<group>";
		};
		AC8D3B7D2B078B1D008410A8 /* Controller */ = {
			isa = PBXGroup;
			children = (
				ACEDF6582B091BE1007EC631 /* TabBarController.swift */,
			);
			path = Controller;
			sourceTree = "<group>";
		};
/* End PBXGroup section */

/* Begin PBXNativeTarget section */
		AC6B15BD2AF92CE1008EE492 /* pomodoro-app */ = {
			isa = PBXNativeTarget;
			buildConfigurationList = AC6B15D22AF92CE3008EE492 /* Build configuration list for PBXNativeTarget "pomodoro-app" */;
			buildPhases = (
				AC6B15BA2AF92CE1008EE492 /* Sources */,
				AC6B15BB2AF92CE1008EE492 /* Frameworks */,
				AC6B15BC2AF92CE1008EE492 /* Resources */,
			);
			buildRules = (
			);
			dependencies = (
			);
			name = "pomodoro-app";
			productName = "pomodoro-app";
			productReference = AC6B15BE2AF92CE1008EE492 /* pomodoro-app.app */;
			productType = "com.apple.product-type.application";
		};
/* End PBXNativeTarget section */

/* Begin PBXProject section */
		AC6B15B62AF92CE1008EE492 /* Project object */ = {
			isa = PBXProject;
			attributes = {
				BuildIndependentTargetsInParallel = 1;
				LastSwiftUpdateCheck = 1430;
				LastUpgradeCheck = 1430;
				TargetAttributes = {
					AC6B15BD2AF92CE1008EE492 = {
						CreatedOnToolsVersion = 14.3.1;
					};
				};
			};
			buildConfigurationList = AC6B15B92AF92CE1008EE492 /* Build configuration list for PBXProject "pomodoro-app" */;
			compatibilityVersion = "Xcode 14.0";
			developmentRegion = en;
			hasScannedForEncodings = 0;
			knownRegions = (
				en,
				Base,
			);
			mainGroup = AC6B15B52AF92CE1008EE492;
			productRefGroup = AC6B15BF2AF92CE1008EE492 /* Products */;
			projectDirPath = "";
			projectRoot = "";
			targets = (
				AC6B15BD2AF92CE1008EE492 /* pomodoro-app */,
			);
		};
/* End PBXProject section */

/* Begin PBXResourcesBuildPhase section */
		AC6B15BC2AF92CE1008EE492 /* Resources */ = {
			isa = PBXResourcesBuildPhase;
			buildActionMask = 2147483647;
			files = (
				AC6B15CE2AF92CE3008EE492 /* LaunchScreen.storyboard in Resources */,
				AC6B15CB2AF92CE3008EE492 /* Assets.xcassets in Resources */,
			);
			runOnlyForDeploymentPostprocessing = 0;
		};
/* End PBXResourcesBuildPhase section */

/* Begin PBXSourcesBuildPhase section */
		AC6B15BA2AF92CE1008EE492 /* Sources */ = {
			isa = PBXSourcesBuildPhase;
			buildActionMask = 2147483647;
			files = (
				AC6B15C62AF92CE1008EE492 /* TaskManagerViewController.swift in Sources */,
				AC6B15C22AF92CE1008EE492 /* AppDelegate.swift in Sources */,
				ACEDF6592B091BE1007EC631 /* TabBarController.swift in Sources */,
				AC6B15C42AF92CE1008EE492 /* SceneDelegate.swift in Sources */,
				ACEDF65B2B091F2D007EC631 /* TimerViewController.swift in Sources */,
				ACEDF6572B091B99007EC631 /* SettingsViewController.swift in Sources */,
			);
			runOnlyForDeploymentPostprocessing = 0;
		};
/* End PBXSourcesBuildPhase section */

/* Begin PBXVariantGroup section */
		AC6B15CC2AF92CE3008EE492 /* LaunchScreen.storyboard */ = {
			isa = PBXVariantGroup;
			children = (
				AC6B15CD2AF92CE3008EE492 /* Base */,
			);
			name = LaunchScreen.storyboard;
			sourceTree = "<group>";
		};
/* End PBXVariantGroup section */

/* Begin XCBuildConfiguration section */
		AC6B15D02AF92CE3008EE492 /* Debug */ = {
			isa = XCBuildConfiguration;
			buildSettings = {
				ALWAYS_SEARCH_USER_PATHS = NO;
				CLANG_ANALYZER_NONNULL = YES;
				CLANG_ANALYZER_NUMBER_OBJECT_CONVERSION = YES_AGGRESSIVE;
				CLANG_CXX_LANGUAGE_STANDARD = "gnu++20";
				CLANG_ENABLE_MODULES = YES;
				CLANG_ENABLE_OBJC_ARC = YES;
				CLANG_ENABLE_OBJC_WEAK = YES;
				CLANG_WARN_BLOCK_CAPTURE_AUTORELEASING = YES;
				CLANG_WARN_BOOL_CONVERSION = YES;
				CLANG_WARN_COMMA = YES;
				CLANG_WARN_CONSTANT_CONVERSION = YES;
				CLANG_WARN_DEPRECATED_OBJC_IMPLEMENTATIONS = YES;
				CLANG_WARN_DIRECT_OBJC_ISA_USAGE = YES_ERROR;
				CLANG_WARN_DOCUMENTATION_COMMENTS = YES;
				CLANG_WARN_EMPTY_BODY = YES;
				CLANG_WARN_ENUM_CONVERSION = YES;
				CLANG_WARN_INFINITE_RECURSION = YES;
				CLANG_WARN_INT_CONVERSION = YES;
				CLANG_WARN_NON_LITERAL_NULL_CONVERSION = YES;
				CLANG_WARN_OBJC_IMPLICIT_RETAIN_SELF = YES;
				CLANG_WARN_OBJC_LITERAL_CONVERSION = YES;
				CLANG_WARN_OBJC_ROOT_CLASS = YES_ERROR;
				CLANG_WARN_QUOTED_INCLUDE_IN_FRAMEWORK_HEADER = YES;
				CLANG_WARN_RANGE_LOOP_ANALYSIS = YES;
				CLANG_WARN_STRICT_PROTOTYPES = YES;
				CLANG_WARN_SUSPICIOUS_MOVE = YES;
				CLANG_WARN_UNGUARDED_AVAILABILITY = YES_AGGRESSIVE;
				CLANG_WARN_UNREACHABLE_CODE = YES;
				CLANG_WARN__DUPLICATE_METHOD_MATCH = YES;
				COPY_PHASE_STRIP = NO;
				DEBUG_INFORMATION_FORMAT = dwarf;
				ENABLE_STRICT_OBJC_MSGSEND = YES;
				ENABLE_TESTABILITY = YES;
				GCC_C_LANGUAGE_STANDARD = gnu11;
				GCC_DYNAMIC_NO_PIC = NO;
				GCC_NO_COMMON_BLOCKS = YES;
				GCC_OPTIMIZATION_LEVEL = 0;
				GCC_PREPROCESSOR_DEFINITIONS = (
					"DEBUG=1",
					"$(inherited)",
				);
				GCC_WARN_64_TO_32_BIT_CONVERSION = YES;
				GCC_WARN_ABOUT_RETURN_TYPE = YES_ERROR;
				GCC_WARN_UNDECLARED_SELECTOR = YES;
				GCC_WARN_UNINITIALIZED_AUTOS = YES_AGGRESSIVE;
				GCC_WARN_UNUSED_FUNCTION = YES;
				GCC_WARN_UNUSED_VARIABLE = YES;
				IPHONEOS_DEPLOYMENT_TARGET = 16.4;
				MTL_ENABLE_DEBUG_INFO = INCLUDE_SOURCE;
				MTL_FAST_MATH = YES;
				ONLY_ACTIVE_ARCH = YES;
				SDKROOT = iphoneos;
				SWIFT_ACTIVE_COMPILATION_CONDITIONS = DEBUG;
				SWIFT_OPTIMIZATION_LEVEL = "-Onone";
			};
			name = Debug;
		};
		AC6B15D12AF92CE3008EE492 /* Release */ = {
			isa = XCBuildConfiguration;
			buildSettings = {
				ALWAYS_SEARCH_USER_PATHS = NO;
				CLANG_ANALYZER_NONNULL = YES;
				CLANG_ANALYZER_NUMBER_OBJECT_CONVERSION = YES_AGGRESSIVE;
				CLANG_CXX_LANGUAGE_STANDARD = "gnu++20";
				CLANG_ENABLE_MODULES = YES;
				CLANG_ENABLE_OBJC_ARC = YES;
				CLANG_ENABLE_OBJC_WEAK = YES;
				CLANG_WARN_BLOCK_CAPTURE_AUTORELEASING = YES;
				CLANG_WARN_BOOL_CONVERSION = YES;
				CLANG_WARN_COMMA = YES;
				CLANG_WARN_CONSTANT_CONVERSION = YES;
				CLANG_WARN_DEPRECATED_OBJC_IMPLEMENTATIONS = YES;
				CLANG_WARN_DIRECT_OBJC_ISA_USAGE = YES_ERROR;
				CLANG_WARN_DOCUMENTATION_COMMENTS = YES;
				CLANG_WARN_EMPTY_BODY = YES;
				CLANG_WARN_ENUM_CONVERSION = YES;
				CLANG_WARN_INFINITE_RECURSION = YES;
				CLANG_WARN_INT_CONVERSION = YES;
				CLANG_WARN_NON_LITERAL_NULL_CONVERSION = YES;
				CLANG_WARN_OBJC_IMPLICIT_RETAIN_SELF = YES;
				CLANG_WARN_OBJC_LITERAL_CONVERSION = YES;
				CLANG_WARN_OBJC_ROOT_CLASS = YES_ERROR;
				CLANG_WARN_QUOTED_INCLUDE_IN_FRAMEWORK_HEADER = YES;
				CLANG_WARN_RANGE_LOOP_ANALYSIS = YES;
				CLANG_WARN_STRICT_PROTOTYPES = YES;
				CLANG_WARN_SUSPICIOUS_MOVE = YES;
				CLANG_WARN_UNGUARDED_AVAILABILITY = YES_AGGRESSIVE;
				CLANG_WARN_UNREACHABLE_CODE = YES;
				CLANG_WARN__DUPLICATE_METHOD_MATCH = YES;
				COPY_PHASE_STRIP = NO;
				DEBUG_INFORMATION_FORMAT = "dwarf-with-dsym";
				ENABLE_NS_ASSERTIONS = NO;
				ENABLE_STRICT_OBJC_MSGSEND = YES;
				GCC_C_LANGUAGE_STANDARD = gnu11;
				GCC_NO_COMMON_BLOCKS = YES;
				GCC_WARN_64_TO_32_BIT_CONVERSION = YES;
				GCC_WARN_ABOUT_RETURN_TYPE = YES_ERROR;
				GCC_WARN_UNDECLARED_SELECTOR = YES;
				GCC_WARN_UNINITIALIZED_AUTOS = YES_AGGRESSIVE;
				GCC_WARN_UNUSED_FUNCTION = YES;
				GCC_WARN_UNUSED_VARIABLE = YES;
				IPHONEOS_DEPLOYMENT_TARGET = 16.4;
				MTL_ENABLE_DEBUG_INFO = NO;
				MTL_FAST_MATH = YES;
				SDKROOT = iphoneos;
				SWIFT_COMPILATION_MODE = wholemodule;
				SWIFT_OPTIMIZATION_LEVEL = "-O";
				VALIDATE_PRODUCT = YES;
			};
			name = Release;
		};
		AC6B15D32AF92CE3008EE492 /* Debug */ = {
			isa = XCBuildConfiguration;
			buildSettings = {
				ASSETCATALOG_COMPILER_APPICON_NAME = AppIcon;
				ASSETCATALOG_COMPILER_GLOBAL_ACCENT_COLOR_NAME = AccentColor;
				CODE_SIGN_STYLE = Automatic;
				CURRENT_PROJECT_VERSION = 1;
				GENERATE_INFOPLIST_FILE = YES;
				INFOPLIST_FILE = "pomodoro-app/Info.plist";
				INFOPLIST_KEY_UIApplicationSupportsIndirectInputEvents = YES;
				INFOPLIST_KEY_UILaunchStoryboardName = LaunchScreen;
				INFOPLIST_KEY_UISupportedInterfaceOrientations_iPad = "UIInterfaceOrientationPortrait UIInterfaceOrientationPortraitUpsideDown UIInterfaceOrientationLandscapeLeft UIInterfaceOrientationLandscapeRight";
				INFOPLIST_KEY_UISupportedInterfaceOrientations_iPhone = "UIInterfaceOrientationPortrait UIInterfaceOrientationLandscapeLeft UIInterfaceOrientationLandscapeRight";
				LD_RUNPATH_SEARCH_PATHS = (
					"$(inherited)",
					"@executable_path/Frameworks",
				);
				MARKETING_VERSION = 1.0;
				PRODUCT_BUNDLE_IDENTIFIER = "a.barakov.pomodoro-app";
				PRODUCT_NAME = "$(TARGET_NAME)";
				SWIFT_EMIT_LOC_STRINGS = YES;
				SWIFT_VERSION = 5.0;
				TARGETED_DEVICE_FAMILY = "1,2";
			};
			name = Debug;
		};
		AC6B15D42AF92CE3008EE492 /* Release */ = {
			isa = XCBuildConfiguration;
			buildSettings = {
				ASSETCATALOG_COMPILER_APPICON_NAME = AppIcon;
				ASSETCATALOG_COMPILER_GLOBAL_ACCENT_COLOR_NAME = AccentColor;
				CODE_SIGN_STYLE = Automatic;
				CURRENT_PROJECT_VERSION = 1;
				GENERATE_INFOPLIST_FILE = YES;
				INFOPLIST_FILE = "pomodoro-app/Info.plist";
				INFOPLIST_KEY_UIApplicationSupportsIndirectInputEvents = YES;
				INFOPLIST_KEY_UILaunchStoryboardName = LaunchScreen;
				INFOPLIST_KEY_UISupportedInterfaceOrientations_iPad = "UIInterfaceOrientationPortrait UIInterfaceOrientationPortraitUpsideDown UIInterfaceOrientationLandscapeLeft UIInterfaceOrientationLandscapeRight";
				INFOPLIST_KEY_UISupportedInterfaceOrientations_iPhone = "UIInterfaceOrientationPortrait UIInterfaceOrientationLandscapeLeft UIInterfaceOrientationLandscapeRight";
				LD_RUNPATH_SEARCH_PATHS = (
					"$(inherited)",
					"@executable_path/Frameworks",
				);
				MARKETING_VERSION = 1.0;
				PRODUCT_BUNDLE_IDENTIFIER = "a.barakov.pomodoro-app";
				PRODUCT_NAME = "$(TARGET_NAME)";
				SWIFT_EMIT_LOC_STRINGS = YES;
				SWIFT_VERSION = 5.0;
				TARGETED_DEVICE_FAMILY = "1,2";
			};
			name = Release;
		};
/* End XCBuildConfiguration section */

/* Begin XCConfigurationList section */
		AC6B15B92AF92CE1008EE492 /* Build configuration list for PBXProject "pomodoro-app" */ = {
			isa = XCConfigurationList;
			buildConfigurations = (
				AC6B15D02AF92CE3008EE492 /* Debug */,
				AC6B15D12AF92CE3008EE492 /* Release */,
			);
			defaultConfigurationIsVisible = 0;
			defaultConfigurationName = Release;
		};
		AC6B15D22AF92CE3008EE492 /* Build configuration list for PBXNativeTarget "pomodoro-app" */ = {
			isa = XCConfigurationList;
			buildConfigurations = (
				AC6B15D32AF92CE3008EE492 /* Debug */,
				AC6B15D42AF92CE3008EE492 /* Release */,
			);
			defaultConfigurationIsVisible = 0;
			defaultConfigurationName = Release;
		};
/* End XCConfigurationList section */
	};
	rootObject = AC6B15B62AF92CE1008EE492 /* Project object */;
}
